{
	"name": "encryption",
	"version": "1.0.0",
	"lockfileVersion": 1,
	"requires": true,
	"dependencies": {
		"crypto-js": {
			"version": "3.1.9-1",
			"resolved": "https://registry.npmmirror.com/crypto-js/-/crypto-js-3.1.9-1.tgz",
			"integrity": "sha512-W93aKztssqf29OvUlqfikzGyYbD1rpkXvGP9IQ1JchLY3bxaLXZSWYbwrtib2vk8DobrDzX7PIXcDWHp0B6Ymw=="
		},
		"jsencrypt": {
			"version": "3.3.2",
			"resolved": "https://registry.npmmirror.com/jsencrypt/-/jsencrypt-3.3.2.tgz",
			"integrity": "sha512-arQR1R1ESGdAxY7ZheWr12wCaF2yF47v5qpB76TtV64H1pyGudk9Hvw8Y9tb/FiTIaaTRUyaSnm5T/Y53Ghm/A=="
		},
		"jsrsasign": {
			"version": "10.3.0",
			"resolved": "https://registry.npmmirror.com/jsrsasign/-/jsrsasign-10.3.0.tgz",
			"integrity": "sha512-irDIKKFW++EAELgP3fjFi5/Fn0XEyfuQTTgpbeFwCGkV6tRIYZl3uraRea2HTXWCstcSZuDaCbdAhU1n+075Bg=="
		}
	}
}
