lockfileVersion: '9.0'

settings:
  autoInstallPeers: true
  excludeLinksFromLockfile: false

importers:

  .:
    dependencies:
      '@lztooler/img':
        specifier: ^1.0.6
        version: 1.0.6
      fs-extra:
        specifier: ^10.1.0
        version: 10.1.0
      pinyin-pro:
        specifier: ^3.11.0
        version: 3.23.1

packages:

  '@lztooler/img@1.0.6':
    resolution: {integrity: sha512-kIKYtfB6zgPr6JlGHPhcY+2FTDkN5MI5Q25EWXBegTmFrC9LnYGDxhg4vcnrOpBiO3FrhNwcXrUd759VTECvWQ==}
    hasBin: true

  fs-extra@10.1.0:
    resolution: {integrity: sha512-oRXApq54ETRj4eMiFzGnHWGy+zo5raudjuxN0b8H7s/RU2oW0Wvsx9O0ACRN/kRq9E8Vu/ReskGB5o3ji+FzHQ==}
    engines: {node: '>=12'}

  graceful-fs@4.2.11:
    resolution: {integrity: sha512-RbJ5/jmFcNNCcDV5o9eTnBLJ/HszWV0P73bc+Ff4nS/rJj+YaS6IGyiOL0VoBYX+l1Wrl3k63h/KrH+nhJ0XvQ==}

  jsonfile@6.1.0:
    resolution: {integrity: sha512-5dgndWOriYSm5cnYaJNhalLNDKOqFwyDB/rr1E9ZsGciGvKPs8R2xYGCacuf3z6K1YKDz182fd+fY3cn3pMqXQ==}

  pinyin-pro@3.23.1:
    resolution: {integrity: sha512-fA345e5Zj+oAemjPKN9BpbTToUrq3J6ZVKEXpiCNNftFQahr4cKsBNnpGWR154WSOP3PgqlsaNgKklD8FlZvSw==}

  universalify@2.0.1:
    resolution: {integrity: sha512-gptHNQghINnc/vTGIk0SOFGFNXw7JVrlRUtConJRlvaw6DuX0wO5Jeko9sWrMBhh+PsYAZ7oXAiOnf/UKogyiw==}
    engines: {node: '>= 10.0.0'}

snapshots:

  '@lztooler/img@1.0.6': {}

  fs-extra@10.1.0:
    dependencies:
      graceful-fs: 4.2.11
      jsonfile: 6.1.0
      universalify: 2.0.1

  graceful-fs@4.2.11: {}

  jsonfile@6.1.0:
    dependencies:
      universalify: 2.0.1
    optionalDependencies:
      graceful-fs: 4.2.11

  pinyin-pro@3.23.1: {}

  universalify@2.0.1: {}
