lockfileVersion: '6.0'

settings:
  autoInstallPeers: true
  excludeLinksFromLockfile: false

dependencies:
  big.js:
    specifier: ^6.2.1
    version: 6.2.1

packages:

  /big.js@6.2.1:
    resolution: {integrity: sha512-bCtHMwL9LeDIozFn+oNhhFoq+yQ3BNdnsLSASUxLciOb1vgvpHsIO1dsENiGMgbb4SkP5TrzWzRiLddn8ahVOQ==}
    dev: false
